
Microsoft Visual Studio Solution File, Format Version 12.00
# Visual Studio Version 17
VisualStudioVersion = 17.4.33213.308
MinimumVisualStudioVersion = 10.0.40219.1
Project("{FAE04EC0-301F-11D3-BF4B-00C04F79EFBC}") = "AutoFixProyectoWeb", "AutoFixProyectoWeb\AutoFixProyectoWeb.csproj", "{55619D76-D4E8-47E4-85C2-958BBF410466}"
EndProject
Global
	GlobalSection(SolutionConfigurationPlatforms) = preSolution
		Debug|Any CPU = Debug|Any CPU
		Release|Any CPU = Release|Any CPU
	EndGlobalSection
	GlobalSection(ProjectConfigurationPlatforms) = postSolution
		{55619D76-D4E8-47E4-85C2-958BBF410466}.Debug|Any CPU.ActiveCfg = Debug|Any CPU
		{55619D76-D4E8-47E4-85C2-958BBF410466}.Debug|Any CPU.Build.0 = Debug|Any CPU
		{55619D76-D4E8-47E4-85C2-958BBF410466}.Release|Any CPU.ActiveCfg = Release|Any CPU
		{55619D76-D4E8-47E4-85C2-958BBF410466}.Release|Any CPU.Build.0 = Release|Any CPU
	EndGlobalSection
	GlobalSection(SolutionProperties) = preSolution
		HideSolutionNode = FALSE
	EndGlobalSection
	GlobalSection(ExtensibilityGlobals) = postSolution
		SolutionGuid = {CD9166F1-9DEB-4104-8814-A19D64352964}
	EndGlobalSection
EndGlobal
